
Microsoft Visual Studio Solution File, Format Version 12.00
# Visual Studio Version 17
VisualStudioVersion = 17.2.32505.173
MinimumVisualStudioVersion = 10.0.40219.1
Project("{9A19103F-16F7-4668-BE54-9A1E7A4F7556}") = "TestConsoleApp", "TestConsoleApp\TestConsoleApp.csproj", "{871C0AD7-726D-4825-A6A3-B4714D39C525}"
EndProject
Project("{FAE04EC0-301F-11D3-BF4B-00C04F79EFBC}") = "TestProject1", "TestProject1\TestProject1.csproj", "{47368B0B-5E51-44AD-A2F9-4E03A2F0B7CF}"
EndProject
Global
	GlobalSection(SolutionConfigurationPlatforms) = preSolution
		Debug|Any CPU = Debug|Any CPU
		Release|Any CPU = Release|Any CPU
	EndGlobalSection
	GlobalSection(ProjectConfigurationPlatforms) = postSolution
		{871C0AD7-726D-4825-A6A3-B4714D39C525}.Debug|Any CPU.ActiveCfg = Debug|Any CPU
		{871C0AD7-726D-4825-A6A3-B4714D39C525}.Debug|Any CPU.Build.0 = Debug|Any CPU
		{871C0AD7-726D-4825-A6A3-B4714D39C525}.Release|Any CPU.ActiveCfg = Release|Any CPU
		{871C0AD7-726D-4825-A6A3-B4714D39C525}.Release|Any CPU.Build.0 = Release|Any CPU
		{47368B0B-5E51-44AD-A2F9-4E03A2F0B7CF}.Debug|Any CPU.ActiveCfg = Debug|Any CPU
		{47368B0B-5E51-44AD-A2F9-4E03A2F0B7CF}.Debug|Any CPU.Build.0 = Debug|Any CPU
		{47368B0B-5E51-44AD-A2F9-4E03A2F0B7CF}.Release|Any CPU.ActiveCfg = Release|Any CPU
		{47368B0B-5E51-44AD-A2F9-4E03A2F0B7CF}.Release|Any CPU.Build.0 = Release|Any CPU
	EndGlobalSection
	GlobalSection(SolutionProperties) = preSolution
		HideSolutionNode = FALSE
	EndGlobalSection
	GlobalSection(ExtensibilityGlobals) = postSolution
		SolutionGuid = {27CBC623-3887-45FC-88C8-3C195C8D9CC3}
	EndGlobalSection
EndGlobal
